
Microsoft Visual Studio Solution File, Format Version 11.00
# Visual Studio 2010
Project("{FAE04EC0-301F-11D3-BF4B-00C04F79EFBC}") = "Assembly-CSharp", "Assembly-CSharp.csproj", "{5f6a0a3b-2d2c-72f8-a1df-759526e609ec}"
EndProject
Project("{FAE04EC0-301F-11D3-BF4B-00C04F79EFBC}") = "Assembly-CSharp-firstpass", "Assembly-CSharp-firstpass.csproj", "{690eef75-762e-82ee-cc08-0539d976cd58}"
EndProject
Project("{FAE04EC0-301F-11D3-BF4B-00C04F79EFBC}") = "Assembly-CSharp-Editor-firstpass", "Assembly-CSharp-Editor-firstpass.csproj", "{3bb29d4e-d88a-f185-29a4-2164753bbd97}"
EndProject
Global
	GlobalSection(SolutionConfigurationPlatforms) = preSolution
		Debug|Any CPU = Debug|Any CPU
		Release|Any CPU = Release|Any CPU
	EndGlobalSection
	GlobalSection(ProjectConfigurationPlatforms) = postSolution
		{5f6a0a3b-2d2c-72f8-a1df-759526e609ec}.Debug|Any CPU.ActiveCfg = Debug|Any CPU
		{5f6a0a3b-2d2c-72f8-a1df-759526e609ec}.Debug|Any CPU.Build.0 = Debug|Any CPU
		{5f6a0a3b-2d2c-72f8-a1df-759526e609ec}.Release|Any CPU.ActiveCfg = Release|Any CPU
		{5f6a0a3b-2d2c-72f8-a1df-759526e609ec}.Release|Any CPU.Build.0 = Release|Any CPU
		{690eef75-762e-82ee-cc08-0539d976cd58}.Debug|Any CPU.ActiveCfg = Debug|Any CPU
		{690eef75-762e-82ee-cc08-0539d976cd58}.Debug|Any CPU.Build.0 = Debug|Any CPU
		{690eef75-762e-82ee-cc08-0539d976cd58}.Release|Any CPU.ActiveCfg = Release|Any CPU
		{690eef75-762e-82ee-cc08-0539d976cd58}.Release|Any CPU.Build.0 = Release|Any CPU
		{3bb29d4e-d88a-f185-29a4-2164753bbd97}.Debug|Any CPU.ActiveCfg = Debug|Any CPU
		{3bb29d4e-d88a-f185-29a4-2164753bbd97}.Debug|Any CPU.Build.0 = Debug|Any CPU
		{3bb29d4e-d88a-f185-29a4-2164753bbd97}.Release|Any CPU.ActiveCfg = Release|Any CPU
		{3bb29d4e-d88a-f185-29a4-2164753bbd97}.Release|Any CPU.Build.0 = Release|Any CPU
	EndGlobalSection
	GlobalSection(SolutionProperties) = preSolution
		HideSolutionNode = FALSE
	EndGlobalSection
EndGlobal
