
Microsoft Visual Studio Solution File, Format Version 12.00
# Visual Studio 15
Project("{FAE04EC0-301F-11D3-BF4B-00C04F79EFBC}") = "Assembly-CSharp", "Assembly-CSharp.csproj", "{3B0A6A5F-2C2D-F872-A1DF-759526E609EC}"
EndProject
Project("{FAE04EC0-301F-11D3-BF4B-00C04F79EFBC}") = "Assembly-CSharp-firstpass", "Assembly-CSharp-firstpass.csproj", "{75EF0E69-2E76-EE82-CC08-0539D976CD58}"
EndProject
Project("{FAE04EC0-301F-11D3-BF4B-00C04F79EFBC}") = "Assembly-CSharp-Editor-firstpass", "Assembly-CSharp-Editor-firstpass.csproj", "{4E9DB23B-8AD8-85F1-29A4-2164753BBD97}"
EndProject
Global
	GlobalSection(SolutionConfigurationPlatforms) = preSolution
		Debug|Any CPU = Debug|Any CPU
		Release|Any CPU = Release|Any CPU
	EndGlobalSection
	GlobalSection(ProjectConfigurationPlatforms) = postSolution
		{3B0A6A5F-2C2D-F872-A1DF-759526E609EC}.Debug|Any CPU.ActiveCfg = Debug|Any CPU
		{3B0A6A5F-2C2D-F872-A1DF-759526E609EC}.Debug|Any CPU.Build.0 = Debug|Any CPU
		{3B0A6A5F-2C2D-F872-A1DF-759526E609EC}.Release|Any CPU.ActiveCfg = Release|Any CPU
		{3B0A6A5F-2C2D-F872-A1DF-759526E609EC}.Release|Any CPU.Build.0 = Release|Any CPU
		{75EF0E69-2E76-EE82-CC08-0539D976CD58}.Debug|Any CPU.ActiveCfg = Debug|Any CPU
		{75EF0E69-2E76-EE82-CC08-0539D976CD58}.Debug|Any CPU.Build.0 = Debug|Any CPU
		{75EF0E69-2E76-EE82-CC08-0539D976CD58}.Release|Any CPU.ActiveCfg = Release|Any CPU
		{75EF0E69-2E76-EE82-CC08-0539D976CD58}.Release|Any CPU.Build.0 = Release|Any CPU
		{4E9DB23B-8AD8-85F1-29A4-2164753BBD97}.Debug|Any CPU.ActiveCfg = Debug|Any CPU
		{4E9DB23B-8AD8-85F1-29A4-2164753BBD97}.Debug|Any CPU.Build.0 = Debug|Any CPU
		{4E9DB23B-8AD8-85F1-29A4-2164753BBD97}.Release|Any CPU.ActiveCfg = Release|Any CPU
		{4E9DB23B-8AD8-85F1-29A4-2164753BBD97}.Release|Any CPU.Build.0 = Release|Any CPU
	EndGlobalSection
	GlobalSection(SolutionProperties) = preSolution
		HideSolutionNode = FALSE
	EndGlobalSection
EndGlobal
